{
	"name": "egg-born-module-a-cms",
	"version": "3.0.31",
	"lockfileVersion": 1,
	"requires": true,
	"dependencies": {
		"babel-loader": {
			"version": "8.1.0",
			"resolved": "https://registry.npm.taobao.org/babel-loader/download/babel-loader-8.1.0.tgz?cache=0&sync_timestamp=1584715959282&other_urls=https%3A%2F%2Fregistry.npm.taobao.org%2Fbabel-loader%2Fdownload%2Fbabel-loader-8.1.0.tgz",
			"integrity": "sha1-xhHVESvVIJq+i5+oTD5NolJ18cM=",
			"requires": {
				"find-cache-dir": "^2.1.0",
				"loader-utils": "^1.4.0",
				"mkdirp": "^0.5.3",
				"pify": "^4.0.1",
				"schema-utils": "^2.6.5"
			},
			"dependencies": {
				"@types/json-schema": {
					"version": "7.0.5",
					"resolved": "https://registry.npm.taobao.org/@types/json-schema/download/@types/json-schema-7.0.5.tgz",
					"integrity": "sha1-3M5EMOZLRDuolF8CkPtWStW6xt0="
				},
				"ajv": {
					"version": "6.12.3",
					"resolved": "https://registry.npm.taobao.org/ajv/download/ajv-6.12.3.tgz?cache=0&sync_timestamp=1593876991897&other_urls=https%3A%2F%2Fregistry.npm.taobao.org%2Fajv%2Fdownload%2Fajv-6.12.3.tgz",
					"integrity": "sha1-GMWvOKER3etPJpe9eNaKvByr1wY=",
					"requires": {
						"fast-deep-equal": "^3.1.1",
						"fast-json-stable-stringify": "^2.0.0",
						"json-schema-traverse": "^0.4.1",
						"uri-js": "^4.2.2"
					}
				},
				"ajv-keywords": {
					"version": "3.5.2",
					"resolved": "https://registry.npm.taobao.org/ajv-keywords/download/ajv-keywords-3.5.2.tgz?cache=0&sync_timestamp=1595906977498&other_urls=https%3A%2F%2Fregistry.npm.taobao.org%2Fajv-keywords%2Fdownload%2Fajv-keywords-3.5.2.tgz",
					"integrity": "sha1-MfKdpatuANHC0yms97WSlhTVAU0="
				},
				"big.js": {
					"version": "5.2.2",
					"resolved": "https://registry.npm.taobao.org/big.js/download/big.js-5.2.2.tgz",
					"integrity": "sha1-ZfCvOC9Xi83HQr2cKB6cstd2gyg="
				},
				"commondir": {
					"version": "1.0.1",
					"resolved": "https://registry.npm.taobao.org/commondir/download/commondir-1.0.1.tgz",
					"integrity": "sha1-3dgA2gxmEnOTzKWVDqloo6rxJTs="
				},
				"emojis-list": {
					"version": "3.0.0",
					"resolved": "https://registry.npm.taobao.org/emojis-list/download/emojis-list-3.0.0.tgz",
					"integrity": "sha1-VXBmIEatKeLpFucariYKvf9Pang="
				},
				"fast-deep-equal": {
					"version": "3.1.3",
					"resolved": "https://registry.npm.taobao.org/fast-deep-equal/download/fast-deep-equal-3.1.3.tgz?cache=0&sync_timestamp=1591599666712&other_urls=https%3A%2F%2Fregistry.npm.taobao.org%2Ffast-deep-equal%2Fdownload%2Ffast-deep-equal-3.1.3.tgz",
					"integrity": "sha1-On1WtVnWy8PrUSMlJE5hmmXGxSU="
				},
				"fast-json-stable-stringify": {
					"version": "2.1.0",
					"resolved": "https://registry.npm.taobao.org/fast-json-stable-stringify/download/fast-json-stable-stringify-2.1.0.tgz?cache=0&other_urls=https%3A%2F%2Fregistry.npm.taobao.org%2Ffast-json-stable-stringify%2Fdownload%2Ffast-json-stable-stringify-2.1.0.tgz",
					"integrity": "sha1-h0v2nG9ATCtdmcSBNBOZ/VWJJjM="
				},
				"find-cache-dir": {
					"version": "2.1.0",
					"resolved": "https://registry.npm.taobao.org/find-cache-dir/download/find-cache-dir-2.1.0.tgz?cache=0&sync_timestamp=1583734687174&other_urls=https%3A%2F%2Fregistry.npm.taobao.org%2Ffind-cache-dir%2Fdownload%2Ffind-cache-dir-2.1.0.tgz",
					"integrity": "sha1-jQ+UzRP+Q8bHwmGg2GEVypGMBfc=",
					"requires": {
						"commondir": "^1.0.1",
						"make-dir": "^2.0.0",
						"pkg-dir": "^3.0.0"
					}
				},
				"find-up": {
					"version": "3.0.0",
					"resolved": "https://registry.npm.taobao.org/find-up/download/find-up-3.0.0.tgz",
					"integrity": "sha1-SRafHXmTQwZG2mHsxa41XCHJe3M=",
					"requires": {
						"locate-path": "^3.0.0"
					}
				},
				"json-schema-traverse": {
					"version": "0.4.1",
					"resolved": "https://registry.npm.taobao.org/json-schema-traverse/download/json-schema-traverse-0.4.1.tgz",
					"integrity": "sha1-afaofZUTq4u4/mO9sJecRI5oRmA="
				},
				"json5": {
					"version": "1.0.1",
					"resolved": "https://registry.npm.taobao.org/json5/download/json5-1.0.1.tgz?cache=0&sync_timestamp=1586045666090&other_urls=https%3A%2F%2Fregistry.npm.taobao.org%2Fjson5%2Fdownload%2Fjson5-1.0.1.tgz",
					"integrity": "sha1-d5+wAYYE+oVOrL9iUhgNg1Q+Pb4=",
					"requires": {
						"minimist": "^1.2.0"
					}
				},
				"loader-utils": {
					"version": "1.4.0",
					"resolved": "https://registry.npm.taobao.org/loader-utils/download/loader-utils-1.4.0.tgz?cache=0&sync_timestamp=1584445172927&other_urls=https%3A%2F%2Fregistry.npm.taobao.org%2Floader-utils%2Fdownload%2Floader-utils-1.4.0.tgz",
					"integrity": "sha1-xXm140yzSxp07cbB+za/o3HVphM=",
					"requires": {
						"big.js": "^5.2.2",
						"emojis-list": "^3.0.0",
						"json5": "^1.0.1"
					}
				},
				"locate-path": {
					"version": "3.0.0",
					"resolved": "https://registry.npm.taobao.org/locate-path/download/locate-path-3.0.0.tgz",
					"integrity": "sha1-2+w7OrdZdYBxtY/ln8QYca8hQA4=",
					"requires": {
						"p-locate": "^3.0.0",
						"path-exists": "^3.0.0"
					}
				},
				"make-dir": {
					"version": "2.1.0",
					"resolved": "https://registry.npm.taobao.org/make-dir/download/make-dir-2.1.0.tgz?cache=0&sync_timestamp=1587567610342&other_urls=https%3A%2F%2Fregistry.npm.taobao.org%2Fmake-dir%2Fdownload%2Fmake-dir-2.1.0.tgz",
					"integrity": "sha1-XwMQ4YuL6JjMBwCSlaMK5B6R5vU=",
					"requires": {
						"pify": "^4.0.1",
						"semver": "^5.6.0"
					}
				},
				"minimist": {
					"version": "1.2.5",
					"resolved": "https://registry.npm.taobao.org/minimist/download/minimist-1.2.5.tgz",
					"integrity": "sha1-Z9ZgFLZqaoqqDAg8X9WN9OTpdgI="
				},
				"mkdirp": {
					"version": "0.5.5",
					"resolved": "https://registry.npm.taobao.org/mkdirp/download/mkdirp-0.5.5.tgz?cache=0&sync_timestamp=1587535418745&other_urls=https%3A%2F%2Fregistry.npm.taobao.org%2Fmkdirp%2Fdownload%2Fmkdirp-0.5.5.tgz",
					"integrity": "sha1-2Rzv1i0UNsoPQWIOJRKI1CAJne8=",
					"requires": {
						"minimist": "^1.2.5"
					}
				},
				"p-limit": {
					"version": "2.3.0",
					"resolved": "https://registry.npm.taobao.org/p-limit/download/p-limit-2.3.0.tgz?cache=0&sync_timestamp=1594559692285&other_urls=https%3A%2F%2Fregistry.npm.taobao.org%2Fp-limit%2Fdownload%2Fp-limit-2.3.0.tgz",
					"integrity": "sha1-PdM8ZHohT9//2DWTPrCG2g3CHbE=",
					"requires": {
						"p-try": "^2.0.0"
					}
				},
				"p-locate": {
					"version": "3.0.0",
					"resolved": "https://registry.npm.taobao.org/p-locate/download/p-locate-3.0.0.tgz",
					"integrity": "sha1-Mi1poFwCZLJZl9n0DNiokasAZKQ=",
					"requires": {
						"p-limit": "^2.0.0"
					}
				},
				"p-try": {
					"version": "2.2.0",
					"resolved": "https://registry.npm.taobao.org/p-try/download/p-try-2.2.0.tgz",
					"integrity": "sha1-yyhoVA4xPWHeWPr741zpAE1VQOY="
				},
				"path-exists": {
					"version": "3.0.0",
					"resolved": "https://registry.npm.taobao.org/path-exists/download/path-exists-3.0.0.tgz",
					"integrity": "sha1-zg6+ql94yxiSXqfYENe1mwEP1RU="
				},
				"pify": {
					"version": "4.0.1",
					"resolved": "https://registry.npm.taobao.org/pify/download/pify-4.0.1.tgz",
					"integrity": "sha1-SyzSXFDVmHNcUCkiJP2MbfQeMjE="
				},
				"pkg-dir": {
					"version": "3.0.0",
					"resolved": "https://registry.npm.taobao.org/pkg-dir/download/pkg-dir-3.0.0.tgz",
					"integrity": "sha1-J0kCDyOe2ZCIGx9xIQ1R62UjvqM=",
					"requires": {
						"find-up": "^3.0.0"
					}
				},
				"punycode": {
					"version": "2.1.1",
					"resolved": "https://registry.npm.taobao.org/punycode/download/punycode-2.1.1.tgz",
					"integrity": "sha1-tYsBCsQMIsVldhbI0sLALHv0eew="
				},
				"schema-utils": {
					"version": "2.7.0",
					"resolved": "https://registry.npm.taobao.org/schema-utils/download/schema-utils-2.7.0.tgz",
					"integrity": "sha1-FxUfdtjq5n+793lgwzxnatn078c=",
					"requires": {
						"@types/json-schema": "^7.0.4",
						"ajv": "^6.12.2",
						"ajv-keywords": "^3.4.1"
					}
				},
				"semver": {
					"version": "5.7.1",
					"resolved": "https://registry.npm.taobao.org/semver/download/semver-5.7.1.tgz?cache=0&sync_timestamp=1586886301819&other_urls=https%3A%2F%2Fregistry.npm.taobao.org%2Fsemver%2Fdownload%2Fsemver-5.7.1.tgz",
					"integrity": "sha1-qVT5Ma66UI0we78Gnv8MAclhFvc="
				},
				"uri-js": {
					"version": "4.2.2",
					"resolved": "https://registry.npm.taobao.org/uri-js/download/uri-js-4.2.2.tgz",
					"integrity": "sha1-lMVA4f93KVbiKZUHwBCupsiDjrA=",
					"requires": {
						"punycode": "^2.1.0"
					}
				}
			}
		}
	}
}
