{
  "name": "cabloy-miniprogram",
  "requires": true,
  "lockfileVersion": 1,
  "dependencies": {
    "cabloy-miniprogram": {
      "version": "1.0.0",
      "resolved": "https://registry.npmjs.org/cabloy-miniprogram/-/cabloy-miniprogram-1.0.0.tgz",
      "integrity": "sha512-/YMk+XWWGf0Y4pXkJNIsEaUss8XFulvxASsY9hbNq1n+bNVgCplh9WWAH3pwj4Ep8Tmpdq+0Emup3cfML0gkVA=="
    }
  }
}
