{
	"name": "egg-born-front",
	"version": "8.0.6",
	"lockfileVersion": 1,
	"requires": true,
	"dependencies": {
		"@zhennann/extend": {
			"version": "3.0.2",
			"resolved": "https://registry.npmjs.org/@zhennann/extend/-/extend-3.0.2.tgz",
			"integrity": "sha512-23UM/uFHdfF8b0TaAh0EDmACz38YRo8QHI+k853bD3K1uI57RQdgbrjCr59lcryoSaRxSNcgskvM8MQBOENK0A=="
		},
		"@zhennann/framework7": {
			"version": "5.7.15",
			"resolved": "https://registry.npmjs.org/@zhennann/framework7/-/framework7-5.7.15.tgz",
			"integrity": "sha512-dSQ8bJb1+Mh7RbMoRa79Yc0OSSN3EL5dN2GKlrKpTgHFOmKrs5pUgsJsDHgWe05sYirUIYweQzJPBOSBaE8Igw==",
			"requires": {
				"dom7": "^2.1.5",
				"path-to-regexp": "^6.1.0",
				"ssr-window": "^2.0.0",
				"template7": "^1.4.2"
			}
		},
		"@zhennann/vue": {
			"version": "2.6.15",
			"resolved": "https://registry.npmjs.org/@zhennann/vue/-/vue-2.6.15.tgz",
			"integrity": "sha512-dHVBZiJxOLQMZsBSLvwhXH1La66N+OMFbgQ+nKbi7alfLtMpEozVG1N97ggAmLC2uaDW2ryTaREJWCsu2AL4TQ=="
		},
		"async": {
			"version": "3.2.0",
			"resolved": "https://registry.npmjs.org/async/-/async-3.2.0.tgz",
			"integrity": "sha512-TR2mEZFVOj2pLStYxLht7TyfuRzaydfpxr3k9RpHIzMgw7A64dzsdqCxH1WJyQdoe8T10nDXd9wnEigmiuHIZw=="
		},
		"axios": {
			"version": "0.21.1",
			"resolved": "https://registry.npmjs.org/axios/-/axios-0.21.1.tgz",
			"integrity": "sha512-dKQiRHxGD9PPRIUNIWvZhPTPpl1rf/OxTYKsqKUDjBwYylTvV7SjSHJb9ratfyzM6wCdLCOYLzs73qpg5c4iGA==",
			"requires": {
				"follow-redirects": "^1.10.0"
			}
		},
		"dom7": {
			"version": "2.1.5",
			"resolved": "https://registry.npmjs.org/dom7/-/dom7-2.1.5.tgz",
			"integrity": "sha512-xnhwVgyOh3eD++/XGtH+5qBwYTgCm0aW91GFgPJ3XG+jlsRLyJivnbP0QmUBFhI+Oaz9FV0s7cxgXHezwOEBYA==",
			"requires": {
				"ssr-window": "^2.0.0"
			}
		},
		"egg-born-localeutil": {
			"version": "2.0.3",
			"resolved": "https://registry.npmjs.org/egg-born-localeutil/-/egg-born-localeutil-2.0.3.tgz",
			"integrity": "sha512-Q6PkXZwjsMPtNu6gTNk7vxZb1lBg+cWNsfEb14RHPwgUvICl2jqx9akKtu+BfzmKDCgt9jaCy+1nq3ZYKfIk9Q=="
		},
		"egg-born-mparse": {
			"version": "2.0.3",
			"resolved": "https://registry.npmjs.org/egg-born-mparse/-/egg-born-mparse-2.0.3.tgz",
			"integrity": "sha512-lqz3Cu6QIMyTUFY7arGe0tt56Ili83dyycfSpDWa8P8GefSCtpxlejSi7vFxm72RUmb+KKhSRzRrxlvb8q9+Ow=="
		},
		"follow-redirects": {
			"version": "1.13.1",
			"resolved": "https://registry.npmjs.org/follow-redirects/-/follow-redirects-1.13.1.tgz",
			"integrity": "sha512-SSG5xmZh1mkPGyKzjZP8zLjltIfpW32Y5QpdNJyjcfGxK3qo3NDDkZOZSFiGn1A6SclQxY9GzEwAHQ3dmYRWpg=="
		},
		"framework7-icons": {
			"version": "3.0.1",
			"resolved": "https://registry.npmjs.org/framework7-icons/-/framework7-icons-3.0.1.tgz",
			"integrity": "sha512-nb+4T//4gyWHUE85szKUm2JlMe/yA1ACW73qzF1EI76r2vkeaKOQ36P8/nwrmUQ2bKyojGQ2gVF0ar7XkaKiog=="
		},
		"js-cookie": {
			"version": "2.2.1",
			"resolved": "https://registry.npmjs.org/js-cookie/-/js-cookie-2.2.1.tgz",
			"integrity": "sha512-HvdH2LzI/EAZcUwA8+0nKNtWHqS+ZmijLA30RwZA0bo7ToCckjK5MkGhjED9KoRcXO6BaGI3I9UIzSA1FKFPOQ=="
		},
		"json5": {
			"version": "2.1.3",
			"resolved": "https://registry.npmjs.org/json5/-/json5-2.1.3.tgz",
			"integrity": "sha512-KXPvOm8K9IJKFM0bmdn8QXh7udDh1g/giieX0NLCaMnb4hEiVFqnop2ImTXCc5e0/oHz3LTqmHGtExn5hfMkOA==",
			"requires": {
				"minimist": "^1.2.5"
			}
		},
		"minimist": {
			"version": "1.2.5",
			"resolved": "https://registry.npmjs.org/minimist/-/minimist-1.2.5.tgz",
			"integrity": "sha512-FM9nNUYrRBAELZQT3xeZQ7fmMOBg6nWNmJKTcgsJeaLstP/UODVpGsr5OhXhhXg6f+qtJ8uiZ+PUxkDWcgIXLw=="
		},
		"moment": {
			"version": "2.29.1",
			"resolved": "https://registry.npmjs.org/moment/-/moment-2.29.1.tgz",
			"integrity": "sha512-kHmoybcPV8Sqy59DwNDY3Jefr64lK/by/da0ViFcuA4DH0vQg5Q6Ze5VimxkfQNSC+Mls/Kx53s7TjP1RhFEDQ=="
		},
		"path-to-regexp": {
			"version": "6.2.0",
			"resolved": "https://registry.npmjs.org/path-to-regexp/-/path-to-regexp-6.2.0.tgz",
			"integrity": "sha512-f66KywYG6+43afgE/8j/GoiNyygk/bnoCbps++3ErRKsIYkGGupyv07R2Ok5m9i67Iqc+T2g1eAUGUPzWhYTyg=="
		},
		"regenerator-runtime": {
			"version": "0.13.7",
			"resolved": "https://registry.npmjs.org/regenerator-runtime/-/regenerator-runtime-0.13.7.tgz",
			"integrity": "sha512-a54FxoJDIr27pgf7IgeQGxmqUNYrcV338lf/6gH456HZ/PhX+5BcwHXG9ajESmwe6WRO0tAzRUrRmNONWgkrew=="
		},
		"ssr-window": {
			"version": "2.0.0",
			"resolved": "https://registry.npmjs.org/ssr-window/-/ssr-window-2.0.0.tgz",
			"integrity": "sha512-NXzN+/HPObKAx191H3zKlYomE5WrVIkoCB5IaSdvKokxTpjBdWfr0RaP+1Z5KOfDT0ZVz+2tdtiBkhsEQ9p+0A=="
		},
		"template7": {
			"version": "1.4.2",
			"resolved": "https://registry.npmjs.org/template7/-/template7-1.4.2.tgz",
			"integrity": "sha512-eoKnScBMDk7lyj7+iCzKbxGiSLLlQk0DNvmclyJuMCUKxy9JrFuAB+GD5iplF4WiQPtMdI06CHHks3avL22JXA=="
		},
		"vuex": {
			"version": "3.6.0",
			"resolved": "https://registry.npmjs.org/vuex/-/vuex-3.6.0.tgz",
			"integrity": "sha512-W74OO2vCJPs9/YjNjW8lLbj+jzT24waTo2KShI8jLvJW8OaIkgb3wuAMA7D+ZiUxDOx3ubwSZTaJBip9G8a3aQ=="
		}
	}
}
