{
	"name": "egg-born-front",
	"version": "8.0.0",
	"lockfileVersion": 1,
	"requires": true,
	"dependencies": {
		"@zhennann/framework7": {
			"version": "5.5.6",
			"resolved": "https://registry.npmjs.org/@zhennann/framework7/-/framework7-5.5.6.tgz",
			"integrity": "sha512-qTQ8vGY1W7Xr6G/7BJklAHxw/zXKzTctd6nkDVzAhASClHork5CTpI8cgUfy797KT+Hjnls9jL0A4eWR4mCZzQ==",
			"requires": {
				"dom7": "^2.1.3",
				"path-to-regexp": "^6.1.0",
				"ssr-window": "^1.0.1",
				"template7": "^1.4.2"
			},
			"dependencies": {
				"dom7": {
					"version": "2.1.5",
					"resolved": "https://registry.npmjs.org/dom7/-/dom7-2.1.5.tgz",
					"integrity": "sha512-xnhwVgyOh3eD++/XGtH+5qBwYTgCm0aW91GFgPJ3XG+jlsRLyJivnbP0QmUBFhI+Oaz9FV0s7cxgXHezwOEBYA==",
					"requires": {
						"ssr-window": "^2.0.0"
					},
					"dependencies": {
						"ssr-window": {
							"version": "2.0.0",
							"resolved": "https://registry.npmjs.org/ssr-window/-/ssr-window-2.0.0.tgz",
							"integrity": "sha512-NXzN+/HPObKAx191H3zKlYomE5WrVIkoCB5IaSdvKokxTpjBdWfr0RaP+1Z5KOfDT0ZVz+2tdtiBkhsEQ9p+0A=="
						}
					}
				},
				"path-to-regexp": {
					"version": "6.1.0",
					"resolved": "https://registry.npmjs.org/path-to-regexp/-/path-to-regexp-6.1.0.tgz",
					"integrity": "sha512-h9DqehX3zZZDCEm+xbfU0ZmwCGFCAAraPJWMXJ4+v32NjZJilVg3k1TcKsRgIb8IQ/izZSaydDc1OhJCZvs2Dw=="
				},
				"ssr-window": {
					"version": "1.0.1",
					"resolved": "https://registry.npmjs.org/ssr-window/-/ssr-window-1.0.1.tgz",
					"integrity": "sha512-dgFqB+f00LJTEgb6UXhx0h+SrG50LJvti2yMKMqAgzfUmUXZrLSv2fjULF7AWGwK25EXu8+smLR3jYsJQChPsg=="
				},
				"template7": {
					"version": "1.4.2",
					"resolved": "https://registry.npmjs.org/template7/-/template7-1.4.2.tgz",
					"integrity": "sha512-eoKnScBMDk7lyj7+iCzKbxGiSLLlQk0DNvmclyJuMCUKxy9JrFuAB+GD5iplF4WiQPtMdI06CHHks3avL22JXA=="
				}
			}
		}
	}
}
