{
	"name": "egg-born-front",
	"version": "8.0.3",
	"lockfileVersion": 1,
	"requires": true,
	"dependencies": {
		"@zhennann/framework7": {
			"version": "5.5.7",
			"resolved": "https://registry.npmjs.org/@zhennann/framework7/-/framework7-5.5.7.tgz",
			"integrity": "sha512-ClHTo8L07DsY+YG7OEmvfULZp1Gd1pXIq93oAKswdFJQTz68op22LxF3fLGFqkeOYBIKcEpH5bSYG0/P1uf58w==",
			"requires": {
				"dom7": "^2.1.3",
				"path-to-regexp": "^6.1.0",
				"ssr-window": "^1.0.1",
				"template7": "^1.4.2"
			},
			"dependencies": {
				"dom7": {
					"version": "2.1.5",
					"resolved": "https://registry.npmjs.org/dom7/-/dom7-2.1.5.tgz",
					"integrity": "sha512-xnhwVgyOh3eD++/XGtH+5qBwYTgCm0aW91GFgPJ3XG+jlsRLyJivnbP0QmUBFhI+Oaz9FV0s7cxgXHezwOEBYA==",
					"requires": {
						"ssr-window": "^2.0.0"
					},
					"dependencies": {
						"ssr-window": {
							"version": "2.0.0",
							"resolved": "https://registry.npmjs.org/ssr-window/-/ssr-window-2.0.0.tgz",
							"integrity": "sha512-NXzN+/HPObKAx191H3zKlYomE5WrVIkoCB5IaSdvKokxTpjBdWfr0RaP+1Z5KOfDT0ZVz+2tdtiBkhsEQ9p+0A=="
						}
					}
				},
				"path-to-regexp": {
					"version": "6.2.0",
					"resolved": "https://registry.npmjs.org/path-to-regexp/-/path-to-regexp-6.2.0.tgz",
					"integrity": "sha512-f66KywYG6+43afgE/8j/GoiNyygk/bnoCbps++3ErRKsIYkGGupyv07R2Ok5m9i67Iqc+T2g1eAUGUPzWhYTyg=="
				},
				"ssr-window": {
					"version": "1.0.1",
					"resolved": "https://registry.npmjs.org/ssr-window/-/ssr-window-1.0.1.tgz",
					"integrity": "sha512-dgFqB+f00LJTEgb6UXhx0h+SrG50LJvti2yMKMqAgzfUmUXZrLSv2fjULF7AWGwK25EXu8+smLR3jYsJQChPsg=="
				},
				"template7": {
					"version": "1.4.2",
					"resolved": "https://registry.npmjs.org/template7/-/template7-1.4.2.tgz",
					"integrity": "sha512-eoKnScBMDk7lyj7+iCzKbxGiSLLlQk0DNvmclyJuMCUKxy9JrFuAB+GD5iplF4WiQPtMdI06CHHks3avL22JXA=="
				}
			}
		}
	}
}
